
Microsoft Visual Studio Solution File, Format Version 12.00
# Visual Studio 15
VisualStudioVersion = 15.0.28307.271
MinimumVisualStudioVersion = 10.0.40219.1
Project("{9A19103F-16F7-4668-BE54-9A1E7A4F7556}") = "ReduxSharp", "ReduxSharp\ReduxSharp.csproj", "{FF222694-DE58-46AF-84B0-B52F5ADCC074}"
EndProject
Project("{9A19103F-16F7-4668-BE54-9A1E7A4F7556}") = "ReduxSharp.Tests", "ReduxSharp.Tests\ReduxSharp.Tests.csproj", "{2E100C1E-B4AE-42C5-AC95-3AA5D957E891}"
EndProject
Global
	GlobalSection(SolutionConfigurationPlatforms) = preSolution
		Debug|Any CPU = Debug|Any CPU
		Debug|ARM = Debug|ARM
		Debug|ARM64 = Debug|ARM64
		Debug|x64 = Debug|x64
		Debug|x86 = Debug|x86
		Release|Any CPU = Release|Any CPU
		Release|ARM = Release|ARM
		Release|ARM64 = Release|ARM64
		Release|x64 = Release|x64
		Release|x86 = Release|x86
	EndGlobalSection
	GlobalSection(ProjectConfigurationPlatforms) = postSolution
		{FF222694-DE58-46AF-84B0-B52F5ADCC074}.Debug|Any CPU.ActiveCfg = Debug|Any CPU
		{FF222694-DE58-46AF-84B0-B52F5ADCC074}.Debug|Any CPU.Build.0 = Debug|Any CPU
		{FF222694-DE58-46AF-84B0-B52F5ADCC074}.Debug|ARM.ActiveCfg = Debug|Any CPU
		{FF222694-DE58-46AF-84B0-B52F5ADCC074}.Debug|ARM.Build.0 = Debug|Any CPU
		{FF222694-DE58-46AF-84B0-B52F5ADCC074}.Debug|ARM64.ActiveCfg = Debug|Any CPU
		{FF222694-DE58-46AF-84B0-B52F5ADCC074}.Debug|ARM64.Build.0 = Debug|Any CPU
		{FF222694-DE58-46AF-84B0-B52F5ADCC074}.Debug|x64.ActiveCfg = Debug|Any CPU
		{FF222694-DE58-46AF-84B0-B52F5ADCC074}.Debug|x64.Build.0 = Debug|Any CPU
		{FF222694-DE58-46AF-84B0-B52F5ADCC074}.Debug|x86.ActiveCfg = Debug|Any CPU
		{FF222694-DE58-46AF-84B0-B52F5ADCC074}.Debug|x86.Build.0 = Debug|Any CPU
		{FF222694-DE58-46AF-84B0-B52F5ADCC074}.Release|Any CPU.ActiveCfg = Release|Any CPU
		{FF222694-DE58-46AF-84B0-B52F5ADCC074}.Release|Any CPU.Build.0 = Release|Any CPU
		{FF222694-DE58-46AF-84B0-B52F5ADCC074}.Release|ARM.ActiveCfg = Release|Any CPU
		{FF222694-DE58-46AF-84B0-B52F5ADCC074}.Release|ARM.Build.0 = Release|Any CPU
		{FF222694-DE58-46AF-84B0-B52F5ADCC074}.Release|ARM64.ActiveCfg = Release|Any CPU
		{FF222694-DE58-46AF-84B0-B52F5ADCC074}.Release|ARM64.Build.0 = Release|Any CPU
		{FF222694-DE58-46AF-84B0-B52F5ADCC074}.Release|x64.ActiveCfg = Release|Any CPU
		{FF222694-DE58-46AF-84B0-B52F5ADCC074}.Release|x64.Build.0 = Release|Any CPU
		{FF222694-DE58-46AF-84B0-B52F5ADCC074}.Release|x86.ActiveCfg = Release|Any CPU
		{FF222694-DE58-46AF-84B0-B52F5ADCC074}.Release|x86.Build.0 = Release|Any CPU
		{2E100C1E-B4AE-42C5-AC95-3AA5D957E891}.Debug|Any CPU.ActiveCfg = Debug|Any CPU
		{2E100C1E-B4AE-42C5-AC95-3AA5D957E891}.Debug|Any CPU.Build.0 = Debug|Any CPU
		{2E100C1E-B4AE-42C5-AC95-3AA5D957E891}.Debug|ARM.ActiveCfg = Debug|Any CPU
		{2E100C1E-B4AE-42C5-AC95-3AA5D957E891}.Debug|ARM.Build.0 = Debug|Any CPU
		{2E100C1E-B4AE-42C5-AC95-3AA5D957E891}.Debug|ARM64.ActiveCfg = Debug|Any CPU
		{2E100C1E-B4AE-42C5-AC95-3AA5D957E891}.Debug|ARM64.Build.0 = Debug|Any CPU
		{2E100C1E-B4AE-42C5-AC95-3AA5D957E891}.Debug|x64.ActiveCfg = Debug|Any CPU
		{2E100C1E-B4AE-42C5-AC95-3AA5D957E891}.Debug|x64.Build.0 = Debug|Any CPU
		{2E100C1E-B4AE-42C5-AC95-3AA5D957E891}.Debug|x86.ActiveCfg = Debug|Any CPU
		{2E100C1E-B4AE-42C5-AC95-3AA5D957E891}.Debug|x86.Build.0 = Debug|Any CPU
		{2E100C1E-B4AE-42C5-AC95-3AA5D957E891}.Release|Any CPU.ActiveCfg = Release|Any CPU
		{2E100C1E-B4AE-42C5-AC95-3AA5D957E891}.Release|Any CPU.Build.0 = Release|Any CPU
		{2E100C1E-B4AE-42C5-AC95-3AA5D957E891}.Release|ARM.ActiveCfg = Release|Any CPU
		{2E100C1E-B4AE-42C5-AC95-3AA5D957E891}.Release|ARM.Build.0 = Release|Any CPU
		{2E100C1E-B4AE-42C5-AC95-3AA5D957E891}.Release|ARM64.ActiveCfg = Release|Any CPU
		{2E100C1E-B4AE-42C5-AC95-3AA5D957E891}.Release|ARM64.Build.0 = Release|Any CPU
		{2E100C1E-B4AE-42C5-AC95-3AA5D957E891}.Release|x64.ActiveCfg = Release|Any CPU
		{2E100C1E-B4AE-42C5-AC95-3AA5D957E891}.Release|x64.Build.0 = Release|Any CPU
		{2E100C1E-B4AE-42C5-AC95-3AA5D957E891}.Release|x86.ActiveCfg = Release|Any CPU
		{2E100C1E-B4AE-42C5-AC95-3AA5D957E891}.Release|x86.Build.0 = Release|Any CPU
	EndGlobalSection
	GlobalSection(SolutionProperties) = preSolution
		HideSolutionNode = FALSE
	EndGlobalSection
	GlobalSection(ExtensibilityGlobals) = postSolution
		SolutionGuid = {F7B3D75D-38EA-4764-A2FC-378401124477}
	EndGlobalSection
EndGlobal
